
Microsoft Visual Studio Solution File, Format Version 12.00
# Visual Studio Version 16
VisualStudioVersion = 16.0.36631.11
MinimumVisualStudioVersion = 10.0.40219.1
Project("{FAE04EC0-301F-11D3-BF4B-00C04F79EFBC}") = "ConectorDataFast", "ConectorDataFast\ConectorDataFast.csproj", "{5AD64598-D18D-4A35-AE0A-75A0B227617D}"
EndProject
Global
	GlobalSection(SolutionConfigurationPlatforms) = preSolution
		Debug|Any CPU = Debug|Any CPU
		Debug|x64 = Debug|x64
		Release|Any CPU = Release|Any CPU
		Release|x64 = Release|x64
	EndGlobalSection
	GlobalSection(ProjectConfigurationPlatforms) = postSolution
		{5AD64598-D18D-4A35-AE0A-75A0B227617D}.Debug|Any CPU.ActiveCfg = Debug|Any CPU
		{5AD64598-D18D-4A35-AE0A-75A0B227617D}.Debug|Any CPU.Build.0 = Debug|Any CPU
		{5AD64598-D18D-4A35-AE0A-75A0B227617D}.Debug|x64.ActiveCfg = Debug|x64
		{5AD64598-D18D-4A35-AE0A-75A0B227617D}.Debug|x64.Build.0 = Debug|x64
		{5AD64598-D18D-4A35-AE0A-75A0B227617D}.Release|Any CPU.ActiveCfg = Release|Any CPU
		{5AD64598-D18D-4A35-AE0A-75A0B227617D}.Release|Any CPU.Build.0 = Release|Any CPU
		{5AD64598-D18D-4A35-AE0A-75A0B227617D}.Release|x64.ActiveCfg = Release|x64
		{5AD64598-D18D-4A35-AE0A-75A0B227617D}.Release|x64.Build.0 = Release|x64
	EndGlobalSection
	GlobalSection(SolutionProperties) = preSolution
		HideSolutionNode = FALSE
	EndGlobalSection
	GlobalSection(ExtensibilityGlobals) = postSolution
		SolutionGuid = {B451F77B-A363-4F7E-B636-3B7FB5783F01}
	EndGlobalSection
EndGlobal
